
Microsoft Visual Studio Solution File, Format Version 12.00
# Visual Studio Version 17
VisualStudioVersion = 17.5.002.0
MinimumVisualStudioVersion = 10.0.40219.1
Project("{9A19103F-16F7-4668-BE54-9A1E7A4F7556}") = "todo-list-back", "todo-list-back.csproj", "{9B9589A3-AC0C-446D-AC43-B165183143FA}"
EndProject
Global
	GlobalSection(SolutionConfigurationPlatforms) = preSolution
		Debug|Any CPU = Debug|Any CPU
		Release|Any CPU = Release|Any CPU
	EndGlobalSection
	GlobalSection(ProjectConfigurationPlatforms) = postSolution
		{9B9589A3-AC0C-446D-AC43-B165183143FA}.Debug|Any CPU.ActiveCfg = Debug|Any CPU
		{9B9589A3-AC0C-446D-AC43-B165183143FA}.Debug|Any CPU.Build.0 = Debug|Any CPU
		{9B9589A3-AC0C-446D-AC43-B165183143FA}.Release|Any CPU.ActiveCfg = Release|Any CPU
		{9B9589A3-AC0C-446D-AC43-B165183143FA}.Release|Any CPU.Build.0 = Release|Any CPU
	EndGlobalSection
	GlobalSection(SolutionProperties) = preSolution
		HideSolutionNode = FALSE
	EndGlobalSection
	GlobalSection(ExtensibilityGlobals) = postSolution
		SolutionGuid = {79077401-3E5B-49A5-97CC-270C8DFAEBB6}
	EndGlobalSection
EndGlobal
